
Microsoft Visual Studio Solution File, Format Version 12.00
# Visual Studio 15
VisualStudioVersion = 15.0.26430.6
MinimumVisualStudioVersion = 10.0.40219.1
Project("{FAE04EC0-301F-11D3-BF4B-00C04F79EFBC}") = "BIO", "ConsoleApp1\BIO.csproj", "{D2F36E96-2CCD-4D3D-A083-099CEE30CAB0}"
EndProject
Project("{FAE04EC0-301F-11D3-BF4B-00C04F79EFBC}") = "BIOTest", "BIOTest\BIOTest.csproj", "{09501F8B-D891-421B-BFDA-5DCCEECF38A9}"
EndProject
Global
	GlobalSection(SolutionConfigurationPlatforms) = preSolution
		Debug|Any CPU = Debug|Any CPU
		Release|Any CPU = Release|Any CPU
	EndGlobalSection
	GlobalSection(ProjectConfigurationPlatforms) = postSolution
		{D2F36E96-2CCD-4D3D-A083-099CEE30CAB0}.Debug|Any CPU.ActiveCfg = Debug|Any CPU
		{D2F36E96-2CCD-4D3D-A083-099CEE30CAB0}.Debug|Any CPU.Build.0 = Debug|Any CPU
		{D2F36E96-2CCD-4D3D-A083-099CEE30CAB0}.Release|Any CPU.ActiveCfg = Release|Any CPU
		{D2F36E96-2CCD-4D3D-A083-099CEE30CAB0}.Release|Any CPU.Build.0 = Release|Any CPU
		{09501F8B-D891-421B-BFDA-5DCCEECF38A9}.Debug|Any CPU.ActiveCfg = Debug|Any CPU
		{09501F8B-D891-421B-BFDA-5DCCEECF38A9}.Debug|Any CPU.Build.0 = Debug|Any CPU
		{09501F8B-D891-421B-BFDA-5DCCEECF38A9}.Release|Any CPU.ActiveCfg = Release|Any CPU
		{09501F8B-D891-421B-BFDA-5DCCEECF38A9}.Release|Any CPU.Build.0 = Release|Any CPU
	EndGlobalSection
	GlobalSection(SolutionProperties) = preSolution
		HideSolutionNode = FALSE
	EndGlobalSection
EndGlobal
